
Microsoft Visual Studio Solution File, Format Version 12.00
# Visual Studio Version 16
VisualStudioVersion = 16.0.31129.286
MinimumVisualStudioVersion = 10.0.40219.1
Project("{FAE04EC0-301F-11D3-BF4B-00C04F79EFBC}") = "ZarOyunu", "ZarOyunu.csproj", "{0274F290-4BEE-426A-AC5A-BCBF203D0AD8}"
EndProject
Global
	GlobalSection(SolutionConfigurationPlatforms) = preSolution
		Debug|Any CPU = Debug|Any CPU
		Release|Any CPU = Release|Any CPU
	EndGlobalSection
	GlobalSection(ProjectConfigurationPlatforms) = postSolution
		{0274F290-4BEE-426A-AC5A-BCBF203D0AD8}.Debug|Any CPU.ActiveCfg = Debug|Any CPU
		{0274F290-4BEE-426A-AC5A-BCBF203D0AD8}.Debug|Any CPU.Build.0 = Debug|Any CPU
		{0274F290-4BEE-426A-AC5A-BCBF203D0AD8}.Release|Any CPU.ActiveCfg = Release|Any CPU
		{0274F290-4BEE-426A-AC5A-BCBF203D0AD8}.Release|Any CPU.Build.0 = Release|Any CPU
	EndGlobalSection
	GlobalSection(SolutionProperties) = preSolution
		HideSolutionNode = FALSE
	EndGlobalSection
	GlobalSection(ExtensibilityGlobals) = postSolution
		SolutionGuid = {7D7AB4ED-5AB4-454E-9C37-F69ED780211E}
	EndGlobalSection
EndGlobal
